
Microsoft Visual Studio Solution File, Format Version 12.00
# Visual Studio 15
VisualStudioVersion = 15.0.27428.2037
MinimumVisualStudioVersion = 10.0.40219.1
Project("{FAE04EC0-301F-11D3-BF4B-00C04F79EFBC}") = "Drone", "Drone\Drone.csproj", "{8B9D6050-86AD-400E-B83C-74D8E71EB8F7}"
EndProject
Global
	GlobalSection(SolutionConfigurationPlatforms) = preSolution
		Debug|Any CPU = Debug|Any CPU
		Release|Any CPU = Release|Any CPU
	EndGlobalSection
	GlobalSection(ProjectConfigurationPlatforms) = postSolution
		{8B9D6050-86AD-400E-B83C-74D8E71EB8F7}.Debug|Any CPU.ActiveCfg = Debug|Any CPU
		{8B9D6050-86AD-400E-B83C-74D8E71EB8F7}.Debug|Any CPU.Build.0 = Debug|Any CPU
		{8B9D6050-86AD-400E-B83C-74D8E71EB8F7}.Release|Any CPU.ActiveCfg = Release|Any CPU
		{8B9D6050-86AD-400E-B83C-74D8E71EB8F7}.Release|Any CPU.Build.0 = Release|Any CPU
	EndGlobalSection
	GlobalSection(SolutionProperties) = preSolution
		HideSolutionNode = FALSE
	EndGlobalSection
	GlobalSection(ExtensibilityGlobals) = postSolution
		SolutionGuid = {87CEBC9F-CFCF-4CAC-ACAC-D6B407FC3EBF}
	EndGlobalSection
EndGlobal
