<?xml version="1.0" encoding="utf-8"?>
<Project ToolsVersion="15.0" xmlns="http://schemas.microsoft.com/developer/msbuild/2003">
  <ItemGroup>
    <ClCompile Include="E:\Code\GTAVisionExport-master\native\src\main.cpp">
      <Filter>Source Files</Filter>
    </ClCompile>
    <ClCompile Include="E:\Code\GTAVisionExport-master\native\src\export.cpp">
      <Filter>Source Files</Filter>
    </ClCompile>
  </ItemGroup>
  <ItemGroup>
    <ClInclude Include="E:\Code\GTAVisionExport-master\native\src\export.h">
      <Filter>Header Files</Filter>
    </ClInclude>
    <ClInclude Include="E:\Code\GTAVisionExport-master\native\src\main.h">
      <Filter>Header Files</Filter>
    </ClInclude>
    <ClInclude Include="E:\Code\GTAVisionExport-master\native\src\enums.h">
      <Filter>Header Files</Filter>
    </ClInclude>
    <ClInclude Include="E:\Code\GTAVisionExport-master\native\src\nativeCaller.h">
      <Filter>Header Files</Filter>
    </ClInclude>
    <ClInclude Include="E:\Code\GTAVisionExport-master\native\src\natives.h">
      <Filter>Header Files</Filter>
    </ClInclude>
    <ClInclude Include="E:\Code\GTAVisionExport-master\native\src\types.h">
      <Filter>Header Files</Filter>
    </ClInclude>
  </ItemGroup>
  <ItemGroup>
    <CustomBuild Include="E:\Code\GTAVisionExport-master\native\src\CMakeLists.txt" />
  </ItemGroup>
  <ItemGroup>
    <Filter Include="Header Files">
      <UniqueIdentifier>{5163018A-C982-30CC-BF53-074E948799E6}</UniqueIdentifier>
    </Filter>
    <Filter Include="Source Files">
      <UniqueIdentifier>{DE4E2562-4FE1-36EE-A5FB-C7DBE4575900}</UniqueIdentifier>
    </Filter>
  </ItemGroup>
</Project>
